
Microsoft Visual Studio Solution File, Format Version 12.00
# Visual Studio Version 16
VisualStudioVersion = 16.0.32510.428
MinimumVisualStudioVersion = 10.0.40219.1
Project("{FAE04EC0-301F-11D3-BF4B-00C04F79EFBC}") = "VegetableBase", "VegetableBase\VegetableBase.csproj", "{2764207E-81DA-468F-A1FF-85BC94C9ECB2}"
EndProject
Global
	GlobalSection(SolutionConfigurationPlatforms) = preSolution
		Debug|Any CPU = Debug|Any CPU
		Release|Any CPU = Release|Any CPU
	EndGlobalSection
	GlobalSection(ProjectConfigurationPlatforms) = postSolution
		{2764207E-81DA-468F-A1FF-85BC94C9ECB2}.Debug|Any CPU.ActiveCfg = Debug|Any CPU
		{2764207E-81DA-468F-A1FF-85BC94C9ECB2}.Debug|Any CPU.Build.0 = Debug|Any CPU
		{2764207E-81DA-468F-A1FF-85BC94C9ECB2}.Release|Any CPU.ActiveCfg = Release|Any CPU
		{2764207E-81DA-468F-A1FF-85BC94C9ECB2}.Release|Any CPU.Build.0 = Release|Any CPU
	EndGlobalSection
	GlobalSection(SolutionProperties) = preSolution
		HideSolutionNode = FALSE
	EndGlobalSection
	GlobalSection(ExtensibilityGlobals) = postSolution
		SolutionGuid = {688D93A4-D358-4304-8438-7EE1934A93A2}
	EndGlobalSection
EndGlobal
